// !$*UTF8*$!
{
	archiveVersion = 1;
	classes = {
	};
	objectVersion = 56;
	objects = {

/* Begin PBXBuildFile section */
		37250DFB2C74F79500C282D4 /* String.ext.swift in Sources */ = {isa = PBXBuildFile; fileRef = 37250DFA2C74F79500C282D4 /* String.ext.swift */; };
		37CDAB042C721896001E8006 /* MainViewModel.swift in Sources */ = {isa = PBXBuildFile; fileRef = 37CDAB032C721896001E8006 /* MainViewModel.swift */; };
		37CDAB092C723531001E8006 /* SFPRODISPLAYBOLD.OTF in Resources */ = {isa = PBXBuildFile; fileRef = 37CDAB082C723531001E8006 /* SFPRODISPLAYBOLD.OTF */; };
		37CDAB0B2C723538001E8006 /* SFPRODISPLAYMEDIUM.OTF in Resources */ = {isa = PBXBuildFile; fileRef = 37CDAB0A2C723538001E8006 /* SFPRODISPLAYMEDIUM.OTF */; };
		37CDAB0D2C723541001E8006 /* SFPRODISPLAYREGULAR.OTF in Resources */ = {isa = PBXBuildFile; fileRef = 37CDAB0C2C723541001E8006 /* SFPRODISPLAYREGULAR.OTF */; };
		37CDAB112C7235C2001E8006 /* String.ext.swift in Sources */ = {isa = PBXBuildFile; fileRef = 37CDAB102C7235C2001E8006 /* String.ext.swift */; };
		37CDAB132C7361B6001E8006 /* 655b754e0574da7622c94aa4.json in Resources */ = {isa = PBXBuildFile; fileRef = 37CDAB122C7361B6001E8006 /* 655b754e0574da7622c94aa4.json */; };
		37CDAB162C7376F8001E8006 /* DoctorProfileView.swift in Sources */ = {isa = PBXBuildFile; fileRef = 37CDAB152C7376F8001E8006 /* DoctorProfileView.swift */; };
		37CDAB192C738279001E8006 /* ViewModifier.swift in Sources */ = {isa = PBXBuildFile; fileRef = 37CDAB182C738279001E8006 /* ViewModifier.swift */; };
		37CDAB1B2C74BCDD001E8006 /* DoctorStackView.swift in Sources */ = {isa = PBXBuildFile; fileRef = 37CDAB1A2C74BCDD001E8006 /* DoctorStackView.swift */; };
		37CDAB1D2C74D86B001E8006 /* DoctorCardView.swift in Sources */ = {isa = PBXBuildFile; fileRef = 37CDAB1C2C74D86B001E8006 /* DoctorCardView.swift */; };
		37F4EF262C70955C00597F6A /* DoctorAppApp.swift in Sources */ = {isa = PBXBuildFile; fileRef = 37F4EF252C70955C00597F6A /* DoctorAppApp.swift */; };
		37F4EF2A2C70955E00597F6A /* Assets.xcassets in Resources */ = {isa = PBXBuildFile; fileRef = 37F4EF292C70955E00597F6A /* Assets.xcassets */; };
		37F4EF2D2C70955E00597F6A /* Preview Assets.xcassets in Resources */ = {isa = PBXBuildFile; fileRef = 37F4EF2C2C70955E00597F6A /* Preview Assets.xcassets */; };
		37F4EF3E2C71C19E00597F6A /* MainView.swift in Sources */ = {isa = PBXBuildFile; fileRef = 37F4EF3D2C71C19E00597F6A /* MainView.swift */; };
		37F4EF402C71C4BA00597F6A /* SwiftUIView.swift in Sources */ = {isa = PBXBuildFile; fileRef = 37F4EF3F2C71C4BA00597F6A /* SwiftUIView.swift */; };
		37F4EF422C71D04800597F6A /* SegmentControlView.swift in Sources */ = {isa = PBXBuildFile; fileRef = 37F4EF412C71D04800597F6A /* SegmentControlView.swift */; };
		37F4EF442C7209AB00597F6A /* DataService.swift in Sources */ = {isa = PBXBuildFile; fileRef = 37F4EF432C7209AB00597F6A /* DataService.swift */; };
		37F4EF462C720A0900597F6A /* Model.swift in Sources */ = {isa = PBXBuildFile; fileRef = 37F4EF452C720A0900597F6A /* Model.swift */; };
/* End PBXBuildFile section */

/* Begin PBXFileReference section */
		37250DFA2C74F79500C282D4 /* String.ext.swift */ = {isa = PBXFileReference; lastKnownFileType = sourcecode.swift; path = String.ext.swift; sourceTree = "<group>"; };
		37CDAB032C721896001E8006 /* MainViewModel.swift */ = {isa = PBXFileReference; lastKnownFileType = sourcecode.swift; path = MainViewModel.swift; sourceTree = "<group>"; };
		37CDAB082C723531001E8006 /* SFPRODISPLAYBOLD.OTF */ = {isa = PBXFileReference; lastKnownFileType = file; path = SFPRODISPLAYBOLD.OTF; sourceTree = "<group>"; };
		37CDAB0A2C723538001E8006 /* SFPRODISPLAYMEDIUM.OTF */ = {isa = PBXFileReference; lastKnownFileType = file; path = SFPRODISPLAYMEDIUM.OTF; sourceTree = "<group>"; };
		37CDAB0C2C723541001E8006 /* SFPRODISPLAYREGULAR.OTF */ = {isa = PBXFileReference; lastKnownFileType = file; path = SFPRODISPLAYREGULAR.OTF; sourceTree = "<group>"; };
		37CDAB0E2C723556001E8006 /* Info.plist */ = {isa = PBXFileReference; lastKnownFileType = text.plist; path = Info.plist; sourceTree = "<group>"; };
		37CDAB102C7235C2001E8006 /* String.ext.swift */ = {isa = PBXFileReference; lastKnownFileType = sourcecode.swift; path = String.ext.swift; sourceTree = "<group>"; };
		37CDAB122C7361B6001E8006 /* 655b754e0574da7622c94aa4.json */ = {isa = PBXFileReference; fileEncoding = 4; lastKnownFileType = text.json; path = 655b754e0574da7622c94aa4.json; sourceTree = "<group>"; };
		37CDAB152C7376F8001E8006 /* DoctorProfileView.swift */ = {isa = PBXFileReference; lastKnownFileType = sourcecode.swift; path = DoctorProfileView.swift; sourceTree = "<group>"; };
		37CDAB182C738279001E8006 /* ViewModifier.swift */ = {isa = PBXFileReference; lastKnownFileType = sourcecode.swift; path = ViewModifier.swift; sourceTree = "<group>"; };
		37CDAB1A2C74BCDD001E8006 /* DoctorStackView.swift */ = {isa = PBXFileReference; lastKnownFileType = sourcecode.swift; path = DoctorStackView.swift; sourceTree = "<group>"; };
		37CDAB1C2C74D86B001E8006 /* DoctorCardView.swift */ = {isa = PBXFileReference; lastKnownFileType = sourcecode.swift; path = DoctorCardView.swift; sourceTree = "<group>"; };
		37F4EF222C70955C00597F6A /* DoctorApp.app */ = {isa = PBXFileReference; explicitFileType = wrapper.application; includeInIndex = 0; path = DoctorApp.app; sourceTree = BUILT_PRODUCTS_DIR; };
		37F4EF252C70955C00597F6A /* DoctorAppApp.swift */ = {isa = PBXFileReference; lastKnownFileType = sourcecode.swift; path = DoctorAppApp.swift; sourceTree = "<group>"; };
		37F4EF292C70955E00597F6A /* Assets.xcassets */ = {isa = PBXFileReference; lastKnownFileType = folder.assetcatalog; path = Assets.xcassets; sourceTree = "<group>"; };
		37F4EF2C2C70955E00597F6A /* Preview Assets.xcassets */ = {isa = PBXFileReference; lastKnownFileType = folder.assetcatalog; path = "Preview Assets.xcassets"; sourceTree = "<group>"; };
		37F4EF3D2C71C19E00597F6A /* MainView.swift */ = {isa = PBXFileReference; lastKnownFileType = sourcecode.swift; path = MainView.swift; sourceTree = "<group>"; };
		37F4EF3F2C71C4BA00597F6A /* SwiftUIView.swift */ = {isa = PBXFileReference; lastKnownFileType = sourcecode.swift; path = SwiftUIView.swift; sourceTree = "<group>"; };
		37F4EF412C71D04800597F6A /* SegmentControlView.swift */ = {isa = PBXFileReference; lastKnownFileType = sourcecode.swift; path = SegmentControlView.swift; sourceTree = "<group>"; };
		37F4EF432C7209AB00597F6A /* DataService.swift */ = {isa = PBXFileReference; lastKnownFileType = sourcecode.swift; path = DataService.swift; sourceTree = "<group>"; };
		37F4EF452C720A0900597F6A /* Model.swift */ = {isa = PBXFileReference; lastKnownFileType = sourcecode.swift; path = Model.swift; sourceTree = "<group>"; };
/* End PBXFileReference section */

/* Begin PBXFrameworksBuildPhase section */
		37F4EF1F2C70955C00597F6A /* Frameworks */ = {
			isa = PBXFrameworksBuildPhase;
			buildActionMask = 2147483647;
			files = (
			);
			runOnlyForDeploymentPostprocessing = 0;
		};
/* End PBXFrameworksBuildPhase section */

/* Begin PBXGroup section */
		37250DF92C74F78400C282D4 /* Extension */ = {
			isa = PBXGroup;
			children = (
				37250DFA2C74F79500C282D4 /* String.ext.swift */,
			);
			path = Extension;
			sourceTree = "<group>";
		};
		37CDAB072C72350C001E8006 /* Fonts */ = {
			isa = PBXGroup;
			children = (
				37CDAB082C723531001E8006 /* SFPRODISPLAYBOLD.OTF */,
				37CDAB0A2C723538001E8006 /* SFPRODISPLAYMEDIUM.OTF */,
				37CDAB0C2C723541001E8006 /* SFPRODISPLAYREGULAR.OTF */,
				37CDAB102C7235C2001E8006 /* String.ext.swift */,
			);
			path = Fonts;
			sourceTree = "<group>";
		};
		37CDAB142C7376A4001E8006 /* DoctorProfileView */ = {
			isa = PBXGroup;
			children = (
				37CDAB152C7376F8001E8006 /* DoctorProfileView.swift */,
			);
			path = DoctorProfileView;
			sourceTree = "<group>";
		};
		37F4EF192C70955C00597F6A = {
			isa = PBXGroup;
			children = (
				37F4EF242C70955C00597F6A /* DoctorApp */,
				37F4EF232C70955C00597F6A /* Products */,
			);
			sourceTree = "<group>";
		};
		37F4EF232C70955C00597F6A /* Products */ = {
			isa = PBXGroup;
			children = (
				37F4EF222C70955C00597F6A /* DoctorApp.app */,
			);
			name = Products;
			sourceTree = "<group>";
		};
		37F4EF242C70955C00597F6A /* DoctorApp */ = {
			isa = PBXGroup;
			children = (
				37250DF92C74F78400C282D4 /* Extension */,
				37F4EF372C70E9CD00597F6A /* MainView */,
				37CDAB142C7376A4001E8006 /* DoctorProfileView */,
				37CDAB072C72350C001E8006 /* Fonts */,
				37CDAB0E2C723556001E8006 /* Info.plist */,
				37F4EF252C70955C00597F6A /* DoctorAppApp.swift */,
				37F4EF432C7209AB00597F6A /* DataService.swift */,
				37CDAB182C738279001E8006 /* ViewModifier.swift */,
				37CDAB122C7361B6001E8006 /* 655b754e0574da7622c94aa4.json */,
				37F4EF292C70955E00597F6A /* Assets.xcassets */,
				37F4EF2B2C70955E00597F6A /* Preview Content */,
				37F4EF3F2C71C4BA00597F6A /* SwiftUIView.swift */,
			);
			path = DoctorApp;
			sourceTree = "<group>";
		};
		37F4EF2B2C70955E00597F6A /* Preview Content */ = {
			isa = PBXGroup;
			children = (
				37F4EF2C2C70955E00597F6A /* Preview Assets.xcassets */,
			);
			path = "Preview Content";
			sourceTree = "<group>";
		};
		37F4EF372C70E9CD00597F6A /* MainView */ = {
			isa = PBXGroup;
			children = (
				37F4EF3A2C70E9F000597F6A /* Model */,
				37F4EF392C70E9EC00597F6A /* View */,
				37F4EF382C70E9E200597F6A /* ViewModel */,
			);
			path = MainView;
			sourceTree = "<group>";
		};
		37F4EF382C70E9E200597F6A /* ViewModel */ = {
			isa = PBXGroup;
			children = (
				37CDAB032C721896001E8006 /* MainViewModel.swift */,
			);
			path = ViewModel;
			sourceTree = "<group>";
		};
		37F4EF392C70E9EC00597F6A /* View */ = {
			isa = PBXGroup;
			children = (
				37F4EF3D2C71C19E00597F6A /* MainView.swift */,
				37F4EF412C71D04800597F6A /* SegmentControlView.swift */,
				37CDAB1A2C74BCDD001E8006 /* DoctorStackView.swift */,
				37CDAB1C2C74D86B001E8006 /* DoctorCardView.swift */,
			);
			path = View;
			sourceTree = "<group>";
		};
		37F4EF3A2C70E9F000597F6A /* Model */ = {
			isa = PBXGroup;
			children = (
				37F4EF452C720A0900597F6A /* Model.swift */,
			);
			path = Model;
			sourceTree = "<group>";
		};
/* End PBXGroup section */

/* Begin PBXNativeTarget section */
		37F4EF212C70955C00597F6A /* DoctorApp */ = {
			isa = PBXNativeTarget;
			buildConfigurationList = 37F4EF302C70955E00597F6A /* Build configuration list for PBXNativeTarget "DoctorApp" */;
			buildPhases = (
				37F4EF1E2C70955C00597F6A /* Sources */,
				37F4EF1F2C70955C00597F6A /* Frameworks */,
				37F4EF202C70955C00597F6A /* Resources */,
			);
			buildRules = (
			);
			dependencies = (
			);
			name = DoctorApp;
			productName = DoctorApp;
			productReference = 37F4EF222C70955C00597F6A /* DoctorApp.app */;
			productType = "com.apple.product-type.application";
		};
/* End PBXNativeTarget section */

/* Begin PBXProject section */
		37F4EF1A2C70955C00597F6A /* Project object */ = {
			isa = PBXProject;
			attributes = {
				BuildIndependentTargetsInParallel = 1;
				LastSwiftUpdateCheck = 1540;
				LastUpgradeCheck = 1540;
				TargetAttributes = {
					37F4EF212C70955C00597F6A = {
						CreatedOnToolsVersion = 15.4;
					};
				};
			};
			buildConfigurationList = 37F4EF1D2C70955C00597F6A /* Build configuration list for PBXProject "DoctorApp" */;
			compatibilityVersion = "Xcode 14.0";
			developmentRegion = en;
			hasScannedForEncodings = 0;
			knownRegions = (
				en,
				Base,
			);
			mainGroup = 37F4EF192C70955C00597F6A;
			packageReferences = (
			);
			productRefGroup = 37F4EF232C70955C00597F6A /* Products */;
			projectDirPath = "";
			projectRoot = "";
			targets = (
				37F4EF212C70955C00597F6A /* DoctorApp */,
			);
		};
/* End PBXProject section */

/* Begin PBXResourcesBuildPhase section */
		37F4EF202C70955C00597F6A /* Resources */ = {
			isa = PBXResourcesBuildPhase;
			buildActionMask = 2147483647;
			files = (
				37F4EF2D2C70955E00597F6A /* Preview Assets.xcassets in Resources */,
				37CDAB092C723531001E8006 /* SFPRODISPLAYBOLD.OTF in Resources */,
				37CDAB132C7361B6001E8006 /* 655b754e0574da7622c94aa4.json in Resources */,
				37CDAB0B2C723538001E8006 /* SFPRODISPLAYMEDIUM.OTF in Resources */,
				37CDAB0D2C723541001E8006 /* SFPRODISPLAYREGULAR.OTF in Resources */,
				37F4EF2A2C70955E00597F6A /* Assets.xcassets in Resources */,
			);
			runOnlyForDeploymentPostprocessing = 0;
		};
/* End PBXResourcesBuildPhase section */

/* Begin PBXSourcesBuildPhase section */
		37F4EF1E2C70955C00597F6A /* Sources */ = {
			isa = PBXSourcesBuildPhase;
			buildActionMask = 2147483647;
			files = (
				37CDAB042C721896001E8006 /* MainViewModel.swift in Sources */,
				37F4EF442C7209AB00597F6A /* DataService.swift in Sources */,
				37F4EF3E2C71C19E00597F6A /* MainView.swift in Sources */,
				37250DFB2C74F79500C282D4 /* String.ext.swift in Sources */,
				37F4EF262C70955C00597F6A /* DoctorAppApp.swift in Sources */,
				37CDAB1B2C74BCDD001E8006 /* DoctorStackView.swift in Sources */,
				37F4EF462C720A0900597F6A /* Model.swift in Sources */,
				37F4EF422C71D04800597F6A /* SegmentControlView.swift in Sources */,
				37CDAB112C7235C2001E8006 /* String.ext.swift in Sources */,
				37CDAB162C7376F8001E8006 /* DoctorProfileView.swift in Sources */,
				37F4EF402C71C4BA00597F6A /* SwiftUIView.swift in Sources */,
				37CDAB192C738279001E8006 /* ViewModifier.swift in Sources */,
				37CDAB1D2C74D86B001E8006 /* DoctorCardView.swift in Sources */,
			);
			runOnlyForDeploymentPostprocessing = 0;
		};
/* End PBXSourcesBuildPhase section */

/* Begin XCBuildConfiguration section */
		37F4EF2E2C70955E00597F6A /* Debug */ = {
			isa = XCBuildConfiguration;
			buildSettings = {
				ALWAYS_SEARCH_USER_PATHS = NO;
				ASSETCATALOG_COMPILER_GENERATE_SWIFT_ASSET_SYMBOL_EXTENSIONS = YES;
				CLANG_ANALYZER_NONNULL = YES;
				CLANG_ANALYZER_NUMBER_OBJECT_CONVERSION = YES_AGGRESSIVE;
				CLANG_CXX_LANGUAGE_STANDARD = "gnu++20";
				CLANG_ENABLE_MODULES = YES;
				CLANG_ENABLE_OBJC_ARC = YES;
				CLANG_ENABLE_OBJC_WEAK = YES;
				CLANG_WARN_BLOCK_CAPTURE_AUTORELEASING = YES;
				CLANG_WARN_BOOL_CONVERSION = YES;
				CLANG_WARN_COMMA = YES;
				CLANG_WARN_CONSTANT_CONVERSION = YES;
				CLANG_WARN_DEPRECATED_OBJC_IMPLEMENTATIONS = YES;
				CLANG_WARN_DIRECT_OBJC_ISA_USAGE = YES_ERROR;
				CLANG_WARN_DOCUMENTATION_COMMENTS = YES;
				CLANG_WARN_EMPTY_BODY = YES;
				CLANG_WARN_ENUM_CONVERSION = YES;
				CLANG_WARN_INFINITE_RECURSION = YES;
				CLANG_WARN_INT_CONVERSION = YES;
				CLANG_WARN_NON_LITERAL_NULL_CONVERSION = YES;
				CLANG_WARN_OBJC_IMPLICIT_RETAIN_SELF = YES;
				CLANG_WARN_OBJC_LITERAL_CONVERSION = YES;
				CLANG_WARN_OBJC_ROOT_CLASS = YES_ERROR;
				CLANG_WARN_QUOTED_INCLUDE_IN_FRAMEWORK_HEADER = YES;
				CLANG_WARN_RANGE_LOOP_ANALYSIS = YES;
				CLANG_WARN_STRICT_PROTOTYPES = YES;
				CLANG_WARN_SUSPICIOUS_MOVE = YES;
				CLANG_WARN_UNGUARDED_AVAILABILITY = YES_AGGRESSIVE;
				CLANG_WARN_UNREACHABLE_CODE = YES;
				CLANG_WARN__DUPLICATE_METHOD_MATCH = YES;
				COPY_PHASE_STRIP = NO;
				DEBUG_INFORMATION_FORMAT = dwarf;
				ENABLE_STRICT_OBJC_MSGSEND = YES;
				ENABLE_TESTABILITY = YES;
				ENABLE_USER_SCRIPT_SANDBOXING = YES;
				GCC_C_LANGUAGE_STANDARD = gnu17;
				GCC_DYNAMIC_NO_PIC = NO;
				GCC_NO_COMMON_BLOCKS = YES;
				GCC_OPTIMIZATION_LEVEL = 0;
				GCC_PREPROCESSOR_DEFINITIONS = (
					"DEBUG=1",
					"$(inherited)",
				);
				GCC_WARN_64_TO_32_BIT_CONVERSION = YES;
				GCC_WARN_ABOUT_RETURN_TYPE = YES_ERROR;
				GCC_WARN_UNDECLARED_SELECTOR = YES;
				GCC_WARN_UNINITIALIZED_AUTOS = YES_AGGRESSIVE;
				GCC_WARN_UNUSED_FUNCTION = YES;
				GCC_WARN_UNUSED_VARIABLE = YES;
				IPHONEOS_DEPLOYMENT_TARGET = 17.5;
				LOCALIZATION_PREFERS_STRING_CATALOGS = YES;
				MTL_ENABLE_DEBUG_INFO = INCLUDE_SOURCE;
				MTL_FAST_MATH = YES;
				ONLY_ACTIVE_ARCH = YES;
				SDKROOT = iphoneos;
				SWIFT_ACTIVE_COMPILATION_CONDITIONS = "DEBUG $(inherited)";
				SWIFT_OPTIMIZATION_LEVEL = "-Onone";
			};
			name = Debug;
		};
		37F4EF2F2C70955E00597F6A /* Release */ = {
			isa = XCBuildConfiguration;
			buildSettings = {
				ALWAYS_SEARCH_USER_PATHS = NO;
				ASSETCATALOG_COMPILER_GENERATE_SWIFT_ASSET_SYMBOL_EXTENSIONS = YES;
				CLANG_ANALYZER_NONNULL = YES;
				CLANG_ANALYZER_NUMBER_OBJECT_CONVERSION = YES_AGGRESSIVE;
				CLANG_CXX_LANGUAGE_STANDARD = "gnu++20";
				CLANG_ENABLE_MODULES = YES;
				CLANG_ENABLE_OBJC_ARC = YES;
				CLANG_ENABLE_OBJC_WEAK = YES;
				CLANG_WARN_BLOCK_CAPTURE_AUTORELEASING = YES;
				CLANG_WARN_BOOL_CONVERSION = YES;
				CLANG_WARN_COMMA = YES;
				CLANG_WARN_CONSTANT_CONVERSION = YES;
				CLANG_WARN_DEPRECATED_OBJC_IMPLEMENTATIONS = YES;
				CLANG_WARN_DIRECT_OBJC_ISA_USAGE = YES_ERROR;
				CLANG_WARN_DOCUMENTATION_COMMENTS = YES;
				CLANG_WARN_EMPTY_BODY = YES;
				CLANG_WARN_ENUM_CONVERSION = YES;
				CLANG_WARN_INFINITE_RECURSION = YES;
				CLANG_WARN_INT_CONVERSION = YES;
				CLANG_WARN_NON_LITERAL_NULL_CONVERSION = YES;
				CLANG_WARN_OBJC_IMPLICIT_RETAIN_SELF = YES;
				CLANG_WARN_OBJC_LITERAL_CONVERSION = YES;
				CLANG_WARN_OBJC_ROOT_CLASS = YES_ERROR;
				CLANG_WARN_QUOTED_INCLUDE_IN_FRAMEWORK_HEADER = YES;
				CLANG_WARN_RANGE_LOOP_ANALYSIS = YES;
				CLANG_WARN_STRICT_PROTOTYPES = YES;
				CLANG_WARN_SUSPICIOUS_MOVE = YES;
				CLANG_WARN_UNGUARDED_AVAILABILITY = YES_AGGRESSIVE;
				CLANG_WARN_UNREACHABLE_CODE = YES;
				CLANG_WARN__DUPLICATE_METHOD_MATCH = YES;
				COPY_PHASE_STRIP = NO;
				DEBUG_INFORMATION_FORMAT = "dwarf-with-dsym";
				ENABLE_NS_ASSERTIONS = NO;
				ENABLE_STRICT_OBJC_MSGSEND = YES;
				ENABLE_USER_SCRIPT_SANDBOXING = YES;
				GCC_C_LANGUAGE_STANDARD = gnu17;
				GCC_NO_COMMON_BLOCKS = YES;
				GCC_WARN_64_TO_32_BIT_CONVERSION = YES;
				GCC_WARN_ABOUT_RETURN_TYPE = YES_ERROR;
				GCC_WARN_UNDECLARED_SELECTOR = YES;
				GCC_WARN_UNINITIALIZED_AUTOS = YES_AGGRESSIVE;
				GCC_WARN_UNUSED_FUNCTION = YES;
				GCC_WARN_UNUSED_VARIABLE = YES;
				IPHONEOS_DEPLOYMENT_TARGET = 17.5;
				LOCALIZATION_PREFERS_STRING_CATALOGS = YES;
				MTL_ENABLE_DEBUG_INFO = NO;
				MTL_FAST_MATH = YES;
				SDKROOT = iphoneos;
				SWIFT_COMPILATION_MODE = wholemodule;
				VALIDATE_PRODUCT = YES;
			};
			name = Release;
		};
		37F4EF312C70955E00597F6A /* Debug */ = {
			isa = XCBuildConfiguration;
			buildSettings = {
				ASSETCATALOG_COMPILER_APPICON_NAME = AppIcon;
				ASSETCATALOG_COMPILER_GLOBAL_ACCENT_COLOR_NAME = AccentColor;
				CODE_SIGN_STYLE = Automatic;
				CURRENT_PROJECT_VERSION = 1;
				DEVELOPMENT_ASSET_PATHS = "\"DoctorApp/Preview Content\"";
				DEVELOPMENT_TEAM = T3Y57V3BSA;
				ENABLE_PREVIEWS = YES;
				GENERATE_INFOPLIST_FILE = YES;
				INFOPLIST_FILE = DoctorApp/Info.plist;
				INFOPLIST_KEY_UIApplicationSceneManifest_Generation = YES;
				INFOPLIST_KEY_UIApplicationSupportsIndirectInputEvents = YES;
				INFOPLIST_KEY_UILaunchScreen_Generation = YES;
				INFOPLIST_KEY_UISupportedInterfaceOrientations_iPad = "UIInterfaceOrientationPortrait UIInterfaceOrientationPortraitUpsideDown UIInterfaceOrientationLandscapeLeft UIInterfaceOrientationLandscapeRight";
				INFOPLIST_KEY_UISupportedInterfaceOrientations_iPhone = "UIInterfaceOrientationPortrait UIInterfaceOrientationLandscapeLeft UIInterfaceOrientationLandscapeRight";
				LD_RUNPATH_SEARCH_PATHS = (
					"$(inherited)",
					"@executable_path/Frameworks",
				);
				MARKETING_VERSION = 1.0;
				PRODUCT_BUNDLE_IDENTIFIER = com.grad0ff.Developer.DoctorApp;
				PRODUCT_NAME = "$(TARGET_NAME)";
				SWIFT_EMIT_LOC_STRINGS = YES;
				SWIFT_VERSION = 5.0;
				TARGETED_DEVICE_FAMILY = "1,2";
			};
			name = Debug;
		};
		37F4EF322C70955E00597F6A /* Release */ = {
			isa = XCBuildConfiguration;
			buildSettings = {
				ASSETCATALOG_COMPILER_APPICON_NAME = AppIcon;
				ASSETCATALOG_COMPILER_GLOBAL_ACCENT_COLOR_NAME = AccentColor;
				CODE_SIGN_STYLE = Automatic;
				CURRENT_PROJECT_VERSION = 1;
				DEVELOPMENT_ASSET_PATHS = "\"DoctorApp/Preview Content\"";
				DEVELOPMENT_TEAM = T3Y57V3BSA;
				ENABLE_PREVIEWS = YES;
				GENERATE_INFOPLIST_FILE = YES;
				INFOPLIST_FILE = DoctorApp/Info.plist;
				INFOPLIST_KEY_UIApplicationSceneManifest_Generation = YES;
				INFOPLIST_KEY_UIApplicationSupportsIndirectInputEvents = YES;
				INFOPLIST_KEY_UILaunchScreen_Generation = YES;
				INFOPLIST_KEY_UISupportedInterfaceOrientations_iPad = "UIInterfaceOrientationPortrait UIInterfaceOrientationPortraitUpsideDown UIInterfaceOrientationLandscapeLeft UIInterfaceOrientationLandscapeRight";
				INFOPLIST_KEY_UISupportedInterfaceOrientations_iPhone = "UIInterfaceOrientationPortrait UIInterfaceOrientationLandscapeLeft UIInterfaceOrientationLandscapeRight";
				LD_RUNPATH_SEARCH_PATHS = (
					"$(inherited)",
					"@executable_path/Frameworks",
				);
				MARKETING_VERSION = 1.0;
				PRODUCT_BUNDLE_IDENTIFIER = com.grad0ff.Developer.DoctorApp;
				PRODUCT_NAME = "$(TARGET_NAME)";
				SWIFT_EMIT_LOC_STRINGS = YES;
				SWIFT_VERSION = 5.0;
				TARGETED_DEVICE_FAMILY = "1,2";
			};
			name = Release;
		};
/* End XCBuildConfiguration section */

/* Begin XCConfigurationList section */
		37F4EF1D2C70955C00597F6A /* Build configuration list for PBXProject "DoctorApp" */ = {
			isa = XCConfigurationList;
			buildConfigurations = (
				37F4EF2E2C70955E00597F6A /* Debug */,
				37F4EF2F2C70955E00597F6A /* Release */,
			);
			defaultConfigurationIsVisible = 0;
			defaultConfigurationName = Release;
		};
		37F4EF302C70955E00597F6A /* Build configuration list for PBXNativeTarget "DoctorApp" */ = {
			isa = XCConfigurationList;
			buildConfigurations = (
				37F4EF312C70955E00597F6A /* Debug */,
				37F4EF322C70955E00597F6A /* Release */,
			);
			defaultConfigurationIsVisible = 0;
			defaultConfigurationName = Release;
		};
/* End XCConfigurationList section */
	};
	rootObject = 37F4EF1A2C70955C00597F6A /* Project object */;
}
